
Microsoft Visual Studio Solution File, Format Version 12.00
# Visual Studio 14
VisualStudioVersion = 14.0.25420.1
MinimumVisualStudioVersion = 10.0.40219.1
Project("{FAE04EC0-301F-11D3-BF4B-00C04F79EFBC}") = "WebApiDemo", "WebApiDemo\WebApiDemo.csproj", "{06F13F69-0309-467A-8AAA-D893551A7A10}"
EndProject
Project("{FAE04EC0-301F-11D3-BF4B-00C04F79EFBC}") = "EmployeeDataAccess", "EmployeeDataAccess\EmployeeDataAccess.csproj", "{1996D71F-C166-45C6-AEAC-8F3BE68107BA}"
EndProject
Project("{FAE04EC0-301F-11D3-BF4B-00C04F79EFBC}") = "ClientWebApplication", "ClientWebApplication\ClientWebApplication.csproj", "{B3C66FE6-8ADE-4965-A052-AB718A93114C}"
EndProject
Global
	GlobalSection(SolutionConfigurationPlatforms) = preSolution
		Debug|Any CPU = Debug|Any CPU
		Release|Any CPU = Release|Any CPU
	EndGlobalSection
	GlobalSection(ProjectConfigurationPlatforms) = postSolution
		{06F13F69-0309-467A-8AAA-D893551A7A10}.Debug|Any CPU.ActiveCfg = Debug|Any CPU
		{06F13F69-0309-467A-8AAA-D893551A7A10}.Debug|Any CPU.Build.0 = Debug|Any CPU
		{06F13F69-0309-467A-8AAA-D893551A7A10}.Release|Any CPU.ActiveCfg = Release|Any CPU
		{06F13F69-0309-467A-8AAA-D893551A7A10}.Release|Any CPU.Build.0 = Release|Any CPU
		{1996D71F-C166-45C6-AEAC-8F3BE68107BA}.Debug|Any CPU.ActiveCfg = Debug|Any CPU
		{1996D71F-C166-45C6-AEAC-8F3BE68107BA}.Debug|Any CPU.Build.0 = Debug|Any CPU
		{1996D71F-C166-45C6-AEAC-8F3BE68107BA}.Release|Any CPU.ActiveCfg = Release|Any CPU
		{1996D71F-C166-45C6-AEAC-8F3BE68107BA}.Release|Any CPU.Build.0 = Release|Any CPU
		{B3C66FE6-8ADE-4965-A052-AB718A93114C}.Debug|Any CPU.ActiveCfg = Debug|Any CPU
		{B3C66FE6-8ADE-4965-A052-AB718A93114C}.Debug|Any CPU.Build.0 = Debug|Any CPU
		{B3C66FE6-8ADE-4965-A052-AB718A93114C}.Release|Any CPU.ActiveCfg = Release|Any CPU
		{B3C66FE6-8ADE-4965-A052-AB718A93114C}.Release|Any CPU.Build.0 = Release|Any CPU
	EndGlobalSection
	GlobalSection(SolutionProperties) = preSolution
		HideSolutionNode = FALSE
	EndGlobalSection
EndGlobal
